
Microsoft Visual Studio Solution File, Format Version 12.00
# Visual Studio Version 17
VisualStudioVersion = 17.13.35825.156 d17.13
MinimumVisualStudioVersion = 10.0.40219.1
Project("{FAE04EC0-301F-11D3-BF4B-00C04F79EFBC}") = "Professor", "Professor\Professor.csproj", "{2A368B69-B476-4633-880C-53CCDC91F071}"
EndProject
Global
	GlobalSection(SolutionConfigurationPlatforms) = preSolution
		Debug|Any CPU = Debug|Any CPU
		Release|Any CPU = Release|Any CPU
	EndGlobalSection
	GlobalSection(ProjectConfigurationPlatforms) = postSolution
		{2A368B69-B476-4633-880C-53CCDC91F071}.Debug|Any CPU.ActiveCfg = Debug|Any CPU
		{2A368B69-B476-4633-880C-53CCDC91F071}.Debug|Any CPU.Build.0 = Debug|Any CPU
		{2A368B69-B476-4633-880C-53CCDC91F071}.Release|Any CPU.ActiveCfg = Release|Any CPU
		{2A368B69-B476-4633-880C-53CCDC91F071}.Release|Any CPU.Build.0 = Release|Any CPU
	EndGlobalSection
	GlobalSection(SolutionProperties) = preSolution
		HideSolutionNode = FALSE
	EndGlobalSection
	GlobalSection(ExtensibilityGlobals) = postSolution
		SolutionGuid = {2C5ACFF5-C1D6-41F3-9C40-2FCD5FDB2F47}
	EndGlobalSection
EndGlobal
